// !$*UTF8*$!
{
	archiveVersion = 1;
	classes = {
	};
	objectVersion = 50;
	objects = {

/* Begin PBXBuildFile section */
		71F253ED26B1D47100625C8B /* AppDelegate.swift in Sources */ = {isa = PBXBuildFile; fileRef = 71F253EC26B1D47100625C8B /* AppDelegate.swift */; };
		71F253EF26B1D47100625C8B /* SceneDelegate.swift in Sources */ = {isa = PBXBuildFile; fileRef = 71F253EE26B1D47100625C8B /* SceneDelegate.swift */; };
		71F253F126B1D47200625C8B /* ViewController.swift in Sources */ = {isa = PBXBuildFile; fileRef = 71F253F026B1D47200625C8B /* ViewController.swift */; };
		71F253F426B1D47200625C8B /* Main.storyboard in Resources */ = {isa = PBXBuildFile; fileRef = 71F253F226B1D47200625C8B /* Main.storyboard */; };
		71F253F726B1D47300625C8B /* MiniProject1.xcdatamodeld in Sources */ = {isa = PBXBuildFile; fileRef = 71F253F526B1D47300625C8B /* MiniProject1.xcdatamodeld */; };
		71F253F926B1D4B200625C8B /* Assets.xcassets in Resources */ = {isa = PBXBuildFile; fileRef = 71F253F826B1D4B200625C8B /* Assets.xcassets */; };
		71F253FC26B1D4B200625C8B /* LaunchScreen.storyboard in Resources */ = {isa = PBXBuildFile; fileRef = 71F253FA26B1D4B200625C8B /* LaunchScreen.storyboard */; };
		71F2540726B1D4B200625C8B /* MiniProject1Tests.swift in Sources */ = {isa = PBXBuildFile; fileRef = 71F2540626B1D4B200625C8B /* MiniProject1Tests.swift */; };
		71F2541226B1D4B200625C8B /* MiniProject1UITests.swift in Sources */ = {isa = PBXBuildFile; fileRef = 71F2541126B1D4B200625C8B /* MiniProject1UITests.swift */; };
/* End PBXBuildFile section */

/* Begin PBXContainerItemProxy section */
		71F2540326B1D4B200625C8B /* PBXContainerItemProxy */ = {
			isa = PBXContainerItemProxy;
			containerPortal = 71F253E126B1D47100625C8B /* Project object */;
			proxyType = 1;
			remoteGlobalIDString = 71F253E826B1D47100625C8B;
			remoteInfo = MiniProject1;
		};
		71F2540E26B1D4B200625C8B /* PBXContainerItemProxy */ = {
			isa = PBXContainerItemProxy;
			containerPortal = 71F253E126B1D47100625C8B /* Project object */;
			proxyType = 1;
			remoteGlobalIDString = 71F253E826B1D47100625C8B;
			remoteInfo = MiniProject1;
		};
/* End PBXContainerItemProxy section */

/* Begin PBXFileReference section */
		71F253E926B1D47100625C8B /* MiniProject1.app */ = {isa = PBXFileReference; explicitFileType = wrapper.application; includeInIndex = 0; path = MiniProject1.app; sourceTree = BUILT_PRODUCTS_DIR; };
		71F253EC26B1D47100625C8B /* AppDelegate.swift */ = {isa = PBXFileReference; lastKnownFileType = sourcecode.swift; path = AppDelegate.swift; sourceTree = "<group>"; };
		71F253EE26B1D47100625C8B /* SceneDelegate.swift */ = {isa = PBXFileReference; lastKnownFileType = sourcecode.swift; path = SceneDelegate.swift; sourceTree = "<group>"; };
		71F253F026B1D47200625C8B /* ViewController.swift */ = {isa = PBXFileReference; lastKnownFileType = sourcecode.swift; path = ViewController.swift; sourceTree = "<group>"; };
		71F253F326B1D47200625C8B /* Base */ = {isa = PBXFileReference; lastKnownFileType = file.storyboard; name = Base; path = Base.lproj/Main.storyboard; sourceTree = "<group>"; };
		71F253F626B1D47300625C8B /* MiniProject1.xcdatamodel */ = {isa = PBXFileReference; lastKnownFileType = wrapper.xcdatamodel; path = MiniProject1.xcdatamodel; sourceTree = "<group>"; };
		71F253F826B1D4B200625C8B /* Assets.xcassets */ = {isa = PBXFileReference; lastKnownFileType = folder.assetcatalog; path = Assets.xcassets; sourceTree = "<group>"; };
		71F253FB26B1D4B200625C8B /* Base */ = {isa = PBXFileReference; lastKnownFileType = file.storyboard; name = Base; path = Base.lproj/LaunchScreen.storyboard; sourceTree = "<group>"; };
		71F253FD26B1D4B200625C8B /* Info.plist */ = {isa = PBXFileReference; lastKnownFileType = text.plist.xml; path = Info.plist; sourceTree = "<group>"; };
		71F2540226B1D4B200625C8B /* MiniProject1Tests.xctest */ = {isa = PBXFileReference; explicitFileType = wrapper.cfbundle; includeInIndex = 0; path = MiniProject1Tests.xctest; sourceTree = BUILT_PRODUCTS_DIR; };
		71F2540626B1D4B200625C8B /* MiniProject1Tests.swift */ = {isa = PBXFileReference; lastKnownFileType = sourcecode.swift; path = MiniProject1Tests.swift; sourceTree = "<group>"; };
		71F2540826B1D4B200625C8B /* Info.plist */ = {isa = PBXFileReference; lastKnownFileType = text.plist.xml; path = Info.plist; sourceTree = "<group>"; };
		71F2540D26B1D4B200625C8B /* MiniProject1UITests.xctest */ = {isa = PBXFileReference; explicitFileType = wrapper.cfbundle; includeInIndex = 0; path = MiniProject1UITests.xctest; sourceTree = BUILT_PRODUCTS_DIR; };
		71F2541126B1D4B200625C8B /* MiniProject1UITests.swift */ = {isa = PBXFileReference; lastKnownFileType = sourcecode.swift; path = MiniProject1UITests.swift; sourceTree = "<group>"; };
		71F2541326B1D4B200625C8B /* Info.plist */ = {isa = PBXFileReference; lastKnownFileType = text.plist.xml; path = Info.plist; sourceTree = "<group>"; };
/* End PBXFileReference section */

/* Begin PBXFrameworksBuildPhase section */
		71F253E626B1D47100625C8B /* Frameworks */ = {
			isa = PBXFrameworksBuildPhase;
			buildActionMask = 2147483647;
			files = (
			);
			runOnlyForDeploymentPostprocessing = 0;
		};
		71F253FF26B1D4B200625C8B /* Frameworks */ = {
			isa = PBXFrameworksBuildPhase;
			buildActionMask = 2147483647;
			files = (
			);
			runOnlyForDeploymentPostprocessing = 0;
		};
		71F2540A26B1D4B200625C8B /* Frameworks */ = {
			isa = PBXFrameworksBuildPhase;
			buildActionMask = 2147483647;
			files = (
			);
			runOnlyForDeploymentPostprocessing = 0;
		};
/* End PBXFrameworksBuildPhase section */

/* Begin PBXGroup section */
		71F253E026B1D47100625C8B = {
			isa = PBXGroup;
			children = (
				71F253EB26B1D47100625C8B /* MiniProject1 */,
				71F2540526B1D4B200625C8B /* MiniProject1Tests */,
				71F2541026B1D4B200625C8B /* MiniProject1UITests */,
				71F253EA26B1D47100625C8B /* Products */,
			);
			sourceTree = "<group>";
		};
		71F253EA26B1D47100625C8B /* Products */ = {
			isa = PBXGroup;
			children = (
				71F253E926B1D47100625C8B /* MiniProject1.app */,
				71F2540226B1D4B200625C8B /* MiniProject1Tests.xctest */,
				71F2540D26B1D4B200625C8B /* MiniProject1UITests.xctest */,
			);
			name = Products;
			sourceTree = "<group>";
		};
		71F253EB26B1D47100625C8B /* MiniProject1 */ = {
			isa = PBXGroup;
			children = (
				71F253EC26B1D47100625C8B /* AppDelegate.swift */,
				71F253EE26B1D47100625C8B /* SceneDelegate.swift */,
				71F253F026B1D47200625C8B /* ViewController.swift */,
				71F253F226B1D47200625C8B /* Main.storyboard */,
				71F253F826B1D4B200625C8B /* Assets.xcassets */,
				71F253FA26B1D4B200625C8B /* LaunchScreen.storyboard */,
				71F253FD26B1D4B200625C8B /* Info.plist */,
				71F253F526B1D47300625C8B /* MiniProject1.xcdatamodeld */,
			);
			path = MiniProject1;
			sourceTree = "<group>";
		};
		71F2540526B1D4B200625C8B /* MiniProject1Tests */ = {
			isa = PBXGroup;
			children = (
				71F2540626B1D4B200625C8B /* MiniProject1Tests.swift */,
				71F2540826B1D4B200625C8B /* Info.plist */,
			);
			path = MiniProject1Tests;
			sourceTree = "<group>";
		};
		71F2541026B1D4B200625C8B /* MiniProject1UITests */ = {
			isa = PBXGroup;
			children = (
				71F2541126B1D4B200625C8B /* MiniProject1UITests.swift */,
				71F2541326B1D4B200625C8B /* Info.plist */,
			);
			path = MiniProject1UITests;
			sourceTree = "<group>";
		};
/* End PBXGroup section */

/* Begin PBXNativeTarget section */
		71F253E826B1D47100625C8B /* MiniProject1 */ = {
			isa = PBXNativeTarget;
			buildConfigurationList = 71F2541626B1D4B200625C8B /* Build configuration list for PBXNativeTarget "MiniProject1" */;
			buildPhases = (
				71F253E526B1D47100625C8B /* Sources */,
				71F253E626B1D47100625C8B /* Frameworks */,
				71F253E726B1D47100625C8B /* Resources */,
			);
			buildRules = (
			);
			dependencies = (
			);
			name = MiniProject1;
			productName = MiniProject1;
			productReference = 71F253E926B1D47100625C8B /* MiniProject1.app */;
			productType = "com.apple.product-type.application";
		};
		71F2540126B1D4B200625C8B /* MiniProject1Tests */ = {
			isa = PBXNativeTarget;
			buildConfigurationList = 71F2541926B1D4B200625C8B /* Build configuration list for PBXNativeTarget "MiniProject1Tests" */;
			buildPhases = (
				71F253FE26B1D4B200625C8B /* Sources */,
				71F253FF26B1D4B200625C8B /* Frameworks */,
				71F2540026B1D4B200625C8B /* Resources */,
			);
			buildRules = (
			);
			dependencies = (
				71F2540426B1D4B200625C8B /* PBXTargetDependency */,
			);
			name = MiniProject1Tests;
			productName = MiniProject1Tests;
			productReference = 71F2540226B1D4B200625C8B /* MiniProject1Tests.xctest */;
			productType = "com.apple.product-type.bundle.unit-test";
		};
		71F2540C26B1D4B200625C8B /* MiniProject1UITests */ = {
			isa = PBXNativeTarget;
			buildConfigurationList = 71F2541C26B1D4B200625C8B /* Build configuration list for PBXNativeTarget "MiniProject1UITests" */;
			buildPhases = (
				71F2540926B1D4B200625C8B /* Sources */,
				71F2540A26B1D4B200625C8B /* Frameworks */,
				71F2540B26B1D4B200625C8B /* Resources */,
			);
			buildRules = (
			);
			dependencies = (
				71F2540F26B1D4B200625C8B /* PBXTargetDependency */,
			);
			name = MiniProject1UITests;
			productName = MiniProject1UITests;
			productReference = 71F2540D26B1D4B200625C8B /* MiniProject1UITests.xctest */;
			productType = "com.apple.product-type.bundle.ui-testing";
		};
/* End PBXNativeTarget section */

/* Begin PBXProject section */
		71F253E126B1D47100625C8B /* Project object */ = {
			isa = PBXProject;
			attributes = {
				LastSwiftUpdateCheck = 1250;
				LastUpgradeCheck = 1250;
				TargetAttributes = {
					71F253E826B1D47100625C8B = {
						CreatedOnToolsVersion = 12.5.1;
					};
					71F2540126B1D4B200625C8B = {
						CreatedOnToolsVersion = 12.5.1;
						TestTargetID = 71F253E826B1D47100625C8B;
					};
					71F2540C26B1D4B200625C8B = {
						CreatedOnToolsVersion = 12.5.1;
						TestTargetID = 71F253E826B1D47100625C8B;
					};
				};
			};
			buildConfigurationList = 71F253E426B1D47100625C8B /* Build configuration list for PBXProject "MiniProject1" */;
			compatibilityVersion = "Xcode 9.3";
			developmentRegion = en;
			hasScannedForEncodings = 0;
			knownRegions = (
				en,
				Base,
			);
			mainGroup = 71F253E026B1D47100625C8B;
			productRefGroup = 71F253EA26B1D47100625C8B /* Products */;
			projectDirPath = "";
			projectRoot = "";
			targets = (
				71F253E826B1D47100625C8B /* MiniProject1 */,
				71F2540126B1D4B200625C8B /* MiniProject1Tests */,
				71F2540C26B1D4B200625C8B /* MiniProject1UITests */,
			);
		};
/* End PBXProject section */

/* Begin PBXResourcesBuildPhase section */
		71F253E726B1D47100625C8B /* Resources */ = {
			isa = PBXResourcesBuildPhase;
			buildActionMask = 2147483647;
			files = (
				71F253FC26B1D4B200625C8B /* LaunchScreen.storyboard in Resources */,
				71F253F926B1D4B200625C8B /* Assets.xcassets in Resources */,
				71F253F426B1D47200625C8B /* Main.storyboard in Resources */,
			);
			runOnlyForDeploymentPostprocessing = 0;
		};
		71F2540026B1D4B200625C8B /* Resources */ = {
			isa = PBXResourcesBuildPhase;
			buildActionMask = 2147483647;
			files = (
			);
			runOnlyForDeploymentPostprocessing = 0;
		};
		71F2540B26B1D4B200625C8B /* Resources */ = {
			isa = PBXResourcesBuildPhase;
			buildActionMask = 2147483647;
			files = (
			);
			runOnlyForDeploymentPostprocessing = 0;
		};
/* End PBXResourcesBuildPhase section */

/* Begin PBXSourcesBuildPhase section */
		71F253E526B1D47100625C8B /* Sources */ = {
			isa = PBXSourcesBuildPhase;
			buildActionMask = 2147483647;
			files = (
				71F253F126B1D47200625C8B /* ViewController.swift in Sources */,
				71F253ED26B1D47100625C8B /* AppDelegate.swift in Sources */,
				71F253F726B1D47300625C8B /* MiniProject1.xcdatamodeld in Sources */,
				71F253EF26B1D47100625C8B /* SceneDelegate.swift in Sources */,
			);
			runOnlyForDeploymentPostprocessing = 0;
		};
		71F253FE26B1D4B200625C8B /* Sources */ = {
			isa = PBXSourcesBuildPhase;
			buildActionMask = 2147483647;
			files = (
				71F2540726B1D4B200625C8B /* MiniProject1Tests.swift in Sources */,
			);
			runOnlyForDeploymentPostprocessing = 0;
		};
		71F2540926B1D4B200625C8B /* Sources */ = {
			isa = PBXSourcesBuildPhase;
			buildActionMask = 2147483647;
			files = (
				71F2541226B1D4B200625C8B /* MiniProject1UITests.swift in Sources */,
			);
			runOnlyForDeploymentPostprocessing = 0;
		};
/* End PBXSourcesBuildPhase section */

/* Begin PBXTargetDependency section */
		71F2540426B1D4B200625C8B /* PBXTargetDependency */ = {
			isa = PBXTargetDependency;
			target = 71F253E826B1D47100625C8B /* MiniProject1 */;
			targetProxy = 71F2540326B1D4B200625C8B /* PBXContainerItemProxy */;
		};
		71F2540F26B1D4B200625C8B /* PBXTargetDependency */ = {
			isa = PBXTargetDependency;
			target = 71F253E826B1D47100625C8B /* MiniProject1 */;
			targetProxy = 71F2540E26B1D4B200625C8B /* PBXContainerItemProxy */;
		};
/* End PBXTargetDependency section */

/* Begin PBXVariantGroup section */
		71F253F226B1D47200625C8B /* Main.storyboard */ = {
			isa = PBXVariantGroup;
			children = (
				71F253F326B1D47200625C8B /* Base */,
			);
			name = Main.storyboard;
			sourceTree = "<group>";
		};
		71F253FA26B1D4B200625C8B /* LaunchScreen.storyboard */ = {
			isa = PBXVariantGroup;
			children = (
				71F253FB26B1D4B200625C8B /* Base */,
			);
			name = LaunchScreen.storyboard;
			sourceTree = "<group>";
		};
/* End PBXVariantGroup section */

/* Begin XCBuildConfiguration section */
		71F2541426B1D4B200625C8B /* Debug */ = {
			isa = XCBuildConfiguration;
			buildSettings = {
				ALWAYS_SEARCH_USER_PATHS = NO;
				CLANG_ANALYZER_NONNULL = YES;
				CLANG_ANALYZER_NUMBER_OBJECT_CONVERSION = YES_AGGRESSIVE;
				CLANG_CXX_LANGUAGE_STANDARD = "gnu++14";
				CLANG_CXX_LIBRARY = "libc++";
				CLANG_ENABLE_MODULES = YES;
				CLANG_ENABLE_OBJC_ARC = YES;
				CLANG_ENABLE_OBJC_WEAK = YES;
				CLANG_WARN_BLOCK_CAPTURE_AUTORELEASING = YES;
				CLANG_WARN_BOOL_CONVERSION = YES;
				CLANG_WARN_COMMA = YES;
				CLANG_WARN_CONSTANT_CONVERSION = YES;
				CLANG_WARN_DEPRECATED_OBJC_IMPLEMENTATIONS = YES;
				CLANG_WARN_DIRECT_OBJC_ISA_USAGE = YES_ERROR;
				CLANG_WARN_DOCUMENTATION_COMMENTS = YES;
				CLANG_WARN_EMPTY_BODY = YES;
				CLANG_WARN_ENUM_CONVERSION = YES;
				CLANG_WARN_INFINITE_RECURSION = YES;
				CLANG_WARN_INT_CONVERSION = YES;
				CLANG_WARN_NON_LITERAL_NULL_CONVERSION = YES;
				CLANG_WARN_OBJC_IMPLICIT_RETAIN_SELF = YES;
				CLANG_WARN_OBJC_LITERAL_CONVERSION = YES;
				CLANG_WARN_OBJC_ROOT_CLASS = YES_ERROR;
				CLANG_WARN_QUOTED_INCLUDE_IN_FRAMEWORK_HEADER = YES;
				CLANG_WARN_RANGE_LOOP_ANALYSIS = YES;
				CLANG_WARN_STRICT_PROTOTYPES = YES;
				CLANG_WARN_SUSPICIOUS_MOVE = YES;
				CLANG_WARN_UNGUARDED_AVAILABILITY = YES_AGGRESSIVE;
				CLANG_WARN_UNREACHABLE_CODE = YES;
				CLANG_WARN__DUPLICATE_METHOD_MATCH = YES;
				COPY_PHASE_STRIP = NO;
				DEBUG_INFORMATION_FORMAT = dwarf;
				ENABLE_STRICT_OBJC_MSGSEND = YES;
				ENABLE_TESTABILITY = YES;
				GCC_C_LANGUAGE_STANDARD = gnu11;
				GCC_DYNAMIC_NO_PIC = NO;
				GCC_NO_COMMON_BLOCKS = YES;
				GCC_OPTIMIZATION_LEVEL = 0;
				GCC_PREPROCESSOR_DEFINITIONS = (
					"DEBUG=1",
					"$(inherited)",
				);
				GCC_WARN_64_TO_32_BIT_CONVERSION = YES;
				GCC_WARN_ABOUT_RETURN_TYPE = YES_ERROR;
				GCC_WARN_UNDECLARED_SELECTOR = YES;
				GCC_WARN_UNINITIALIZED_AUTOS = YES_AGGRESSIVE;
				GCC_WARN_UNUSED_FUNCTION = YES;
				GCC_WARN_UNUSED_VARIABLE = YES;
				IPHONEOS_DEPLOYMENT_TARGET = 14.5;
				MTL_ENABLE_DEBUG_INFO = INCLUDE_SOURCE;
				MTL_FAST_MATH = YES;
				ONLY_ACTIVE_ARCH = YES;
				SDKROOT = iphoneos;
				SWIFT_ACTIVE_COMPILATION_CONDITIONS = DEBUG;
				SWIFT_OPTIMIZATION_LEVEL = "-Onone";
			};
			name = Debug;
		};
		71F2541526B1D4B200625C8B /* Release */ = {
			isa = XCBuildConfiguration;
			buildSettings = {
				ALWAYS_SEARCH_USER_PATHS = NO;
				CLANG_ANALYZER_NONNULL = YES;
				CLANG_ANALYZER_NUMBER_OBJECT_CONVERSION = YES_AGGRESSIVE;
				CLANG_CXX_LANGUAGE_STANDARD = "gnu++14";
				CLANG_CXX_LIBRARY = "libc++";
				CLANG_ENABLE_MODULES = YES;
				CLANG_ENABLE_OBJC_ARC = YES;
				CLANG_ENABLE_OBJC_WEAK = YES;
				CLANG_WARN_BLOCK_CAPTURE_AUTORELEASING = YES;
				CLANG_WARN_BOOL_CONVERSION = YES;
				CLANG_WARN_COMMA = YES;
				CLANG_WARN_CONSTANT_CONVERSION = YES;
				CLANG_WARN_DEPRECATED_OBJC_IMPLEMENTATIONS = YES;
				CLANG_WARN_DIRECT_OBJC_ISA_USAGE = YES_ERROR;
				CLANG_WARN_DOCUMENTATION_COMMENTS = YES;
				CLANG_WARN_EMPTY_BODY = YES;
				CLANG_WARN_ENUM_CONVERSION = YES;
				CLANG_WARN_INFINITE_RECURSION = YES;
				CLANG_WARN_INT_CONVERSION = YES;
				CLANG_WARN_NON_LITERAL_NULL_CONVERSION = YES;
				CLANG_WARN_OBJC_IMPLICIT_RETAIN_SELF = YES;
				CLANG_WARN_OBJC_LITERAL_CONVERSION = YES;
				CLANG_WARN_OBJC_ROOT_CLASS = YES_ERROR;
				CLANG_WARN_QUOTED_INCLUDE_IN_FRAMEWORK_HEADER = YES;
				CLANG_WARN_RANGE_LOOP_ANALYSIS = YES;
				CLANG_WARN_STRICT_PROTOTYPES = YES;
				CLANG_WARN_SUSPICIOUS_MOVE = YES;
				CLANG_WARN_UNGUARDED_AVAILABILITY = YES_AGGRESSIVE;
				CLANG_WARN_UNREACHABLE_CODE = YES;
				CLANG_WARN__DUPLICATE_METHOD_MATCH = YES;
				COPY_PHASE_STRIP = NO;
				DEBUG_INFORMATION_FORMAT = "dwarf-with-dsym";
				ENABLE_NS_ASSERTIONS = NO;
				ENABLE_STRICT_OBJC_MSGSEND = YES;
				GCC_C_LANGUAGE_STANDARD = gnu11;
				GCC_NO_COMMON_BLOCKS = YES;
				GCC_WARN_64_TO_32_BIT_CONVERSION = YES;
				GCC_WARN_ABOUT_RETURN_TYPE = YES_ERROR;
				GCC_WARN_UNDECLARED_SELECTOR = YES;
				GCC_WARN_UNINITIALIZED_AUTOS = YES_AGGRESSIVE;
				GCC_WARN_UNUSED_FUNCTION = YES;
				GCC_WARN_UNUSED_VARIABLE = YES;
				IPHONEOS_DEPLOYMENT_TARGET = 14.5;
				MTL_ENABLE_DEBUG_INFO = NO;
				MTL_FAST_MATH = YES;
				SDKROOT = iphoneos;
				SWIFT_COMPILATION_MODE = wholemodule;
				SWIFT_OPTIMIZATION_LEVEL = "-O";
				VALIDATE_PRODUCT = YES;
			};
			name = Release;
		};
		71F2541726B1D4B200625C8B /* Debug */ = {
			isa = XCBuildConfiguration;
			buildSettings = {
				ASSETCATALOG_COMPILER_APPICON_NAME = AppIcon;
				ASSETCATALOG_COMPILER_GLOBAL_ACCENT_COLOR_NAME = AccentColor;
				CODE_SIGN_STYLE = Automatic;
				DEVELOPMENT_TEAM = 7BLAZH6UXV;
				INFOPLIST_FILE = MiniProject1/Info.plist;
				LD_RUNPATH_SEARCH_PATHS = (
					"$(inherited)",
					"@executable_path/Frameworks",
				);
				PRODUCT_BUNDLE_IDENTIFIER = KWK.MiniProject1;
				PRODUCT_NAME = "$(TARGET_NAME)";
				SWIFT_VERSION = 5.0;
				TARGETED_DEVICE_FAMILY = "1,2";
			};
			name = Debug;
		};
		71F2541826B1D4B200625C8B /* Release */ = {
			isa = XCBuildConfiguration;
			buildSettings = {
				ASSETCATALOG_COMPILER_APPICON_NAME = AppIcon;
				ASSETCATALOG_COMPILER_GLOBAL_ACCENT_COLOR_NAME = AccentColor;
				CODE_SIGN_STYLE = Automatic;
				DEVELOPMENT_TEAM = 7BLAZH6UXV;
				INFOPLIST_FILE = MiniProject1/Info.plist;
				LD_RUNPATH_SEARCH_PATHS = (
					"$(inherited)",
					"@executable_path/Frameworks",
				);
				PRODUCT_BUNDLE_IDENTIFIER = KWK.MiniProject1;
				PRODUCT_NAME = "$(TARGET_NAME)";
				SWIFT_VERSION = 5.0;
				TARGETED_DEVICE_FAMILY = "1,2";
			};
			name = Release;
		};
		71F2541A26B1D4B200625C8B /* Debug */ = {
			isa = XCBuildConfiguration;
			buildSettings = {
				ALWAYS_EMBED_SWIFT_STANDARD_LIBRARIES = YES;
				BUNDLE_LOADER = "$(TEST_HOST)";
				CODE_SIGN_STYLE = Automatic;
				DEVELOPMENT_TEAM = 7BLAZH6UXV;
				INFOPLIST_FILE = MiniProject1Tests/Info.plist;
				IPHONEOS_DEPLOYMENT_TARGET = 14.5;
				LD_RUNPATH_SEARCH_PATHS = (
					"$(inherited)",
					"@executable_path/Frameworks",
					"@loader_path/Frameworks",
				);
				PRODUCT_BUNDLE_IDENTIFIER = KWK.MiniProject1Tests;
				PRODUCT_NAME = "$(TARGET_NAME)";
				SWIFT_VERSION = 5.0;
				TARGETED_DEVICE_FAMILY = "1,2";
				TEST_HOST = "$(BUILT_PRODUCTS_DIR)/MiniProject1.app/MiniProject1";
			};
			name = Debug;
		};
		71F2541B26B1D4B200625C8B /* Release */ = {
			isa = XCBuildConfiguration;
			buildSettings = {
				ALWAYS_EMBED_SWIFT_STANDARD_LIBRARIES = YES;
				BUNDLE_LOADER = "$(TEST_HOST)";
				CODE_SIGN_STYLE = Automatic;
				DEVELOPMENT_TEAM = 7BLAZH6UXV;
				INFOPLIST_FILE = MiniProject1Tests/Info.plist;
				IPHONEOS_DEPLOYMENT_TARGET = 14.5;
				LD_RUNPATH_SEARCH_PATHS = (
					"$(inherited)",
					"@executable_path/Frameworks",
					"@loader_path/Frameworks",
				);
				PRODUCT_BUNDLE_IDENTIFIER = KWK.MiniProject1Tests;
				PRODUCT_NAME = "$(TARGET_NAME)";
				SWIFT_VERSION = 5.0;
				TARGETED_DEVICE_FAMILY = "1,2";
				TEST_HOST = "$(BUILT_PRODUCTS_DIR)/MiniProject1.app/MiniProject1";
			};
			name = Release;
		};
		71F2541D26B1D4B200625C8B /* Debug */ = {
			isa = XCBuildConfiguration;
			buildSettings = {
				ALWAYS_EMBED_SWIFT_STANDARD_LIBRARIES = YES;
				CODE_SIGN_STYLE = Automatic;
				DEVELOPMENT_TEAM = 7BLAZH6UXV;
				INFOPLIST_FILE = MiniProject1UITests/Info.plist;
				LD_RUNPATH_SEARCH_PATHS = (
					"$(inherited)",
					"@executable_path/Frameworks",
					"@loader_path/Frameworks",
				);
				PRODUCT_BUNDLE_IDENTIFIER = KWK.MiniProject1UITests;
				PRODUCT_NAME = "$(TARGET_NAME)";
				SWIFT_VERSION = 5.0;
				TARGETED_DEVICE_FAMILY = "1,2";
				TEST_TARGET_NAME = MiniProject1;
			};
			name = Debug;
		};
		71F2541E26B1D4B200625C8B /* Release */ = {
			isa = XCBuildConfiguration;
			buildSettings = {
				ALWAYS_EMBED_SWIFT_STANDARD_LIBRARIES = YES;
				CODE_SIGN_STYLE = Automatic;
				DEVELOPMENT_TEAM = 7BLAZH6UXV;
				INFOPLIST_FILE = MiniProject1UITests/Info.plist;
				LD_RUNPATH_SEARCH_PATHS = (
					"$(inherited)",
					"@executable_path/Frameworks",
					"@loader_path/Frameworks",
				);
				PRODUCT_BUNDLE_IDENTIFIER = KWK.MiniProject1UITests;
				PRODUCT_NAME = "$(TARGET_NAME)";
				SWIFT_VERSION = 5.0;
				TARGETED_DEVICE_FAMILY = "1,2";
				TEST_TARGET_NAME = MiniProject1;
			};
			name = Release;
		};
/* End XCBuildConfiguration section */

/* Begin XCConfigurationList section */
		71F253E426B1D47100625C8B /* Build configuration list for PBXProject "MiniProject1" */ = {
			isa = XCConfigurationList;
			buildConfigurations = (
				71F2541426B1D4B200625C8B /* Debug */,
				71F2541526B1D4B200625C8B /* Release */,
			);
			defaultConfigurationIsVisible = 0;
			defaultConfigurationName = Release;
		};
		71F2541626B1D4B200625C8B /* Build configuration list for PBXNativeTarget "MiniProject1" */ = {
			isa = XCConfigurationList;
			buildConfigurations = (
				71F2541726B1D4B200625C8B /* Debug */,
				71F2541826B1D4B200625C8B /* Release */,
			);
			defaultConfigurationIsVisible = 0;
			defaultConfigurationName = Release;
		};
		71F2541926B1D4B200625C8B /* Build configuration list for PBXNativeTarget "MiniProject1Tests" */ = {
			isa = XCConfigurationList;
			buildConfigurations = (
				71F2541A26B1D4B200625C8B /* Debug */,
				71F2541B26B1D4B200625C8B /* Release */,
			);
			defaultConfigurationIsVisible = 0;
			defaultConfigurationName = Release;
		};
		71F2541C26B1D4B200625C8B /* Build configuration list for PBXNativeTarget "MiniProject1UITests" */ = {
			isa = XCConfigurationList;
			buildConfigurations = (
				71F2541D26B1D4B200625C8B /* Debug */,
				71F2541E26B1D4B200625C8B /* Release */,
			);
			defaultConfigurationIsVisible = 0;
			defaultConfigurationName = Release;
		};
/* End XCConfigurationList section */

/* Begin XCVersionGroup section */
		71F253F526B1D47300625C8B /* MiniProject1.xcdatamodeld */ = {
			isa = XCVersionGroup;
			children = (
				71F253F626B1D47300625C8B /* MiniProject1.xcdatamodel */,
			);
			currentVersion = 71F253F626B1D47300625C8B /* MiniProject1.xcdatamodel */;
			path = MiniProject1.xcdatamodeld;
			sourceTree = "<group>";
			versionGroupType = wrapper.xcdatamodel;
		};
/* End XCVersionGroup section */
	};
	rootObject = 71F253E126B1D47100625C8B /* Project object */;
}
