// !$*UTF8*$!
{
	archiveVersion = 1;
	classes = {
	};
	objectVersion = 50;
	objects = {

/* Begin PBXBuildFile section */
		71A2629126B8329100DA048F /* AppDelegate.swift in Sources */ = {isa = PBXBuildFile; fileRef = 71A2629026B8329100DA048F /* AppDelegate.swift */; };
		71A2629326B8329100DA048F /* SceneDelegate.swift in Sources */ = {isa = PBXBuildFile; fileRef = 71A2629226B8329100DA048F /* SceneDelegate.swift */; };
		71A2629826B8329100DA048F /* Main.storyboard in Resources */ = {isa = PBXBuildFile; fileRef = 71A2629626B8329100DA048F /* Main.storyboard */; };
		71A2629B26B8329200DA048F /* ToDoList.xcdatamodeld in Sources */ = {isa = PBXBuildFile; fileRef = 71A2629926B8329200DA048F /* ToDoList.xcdatamodeld */; };
		71A2629D26B832F800DA048F /* Assets.xcassets in Resources */ = {isa = PBXBuildFile; fileRef = 71A2629C26B832F800DA048F /* Assets.xcassets */; };
		71A262A026B832F800DA048F /* LaunchScreen.storyboard in Resources */ = {isa = PBXBuildFile; fileRef = 71A2629E26B832F800DA048F /* LaunchScreen.storyboard */; };
		71A262AB26B832F800DA048F /* ToDoListTests.swift in Sources */ = {isa = PBXBuildFile; fileRef = 71A262AA26B832F800DA048F /* ToDoListTests.swift */; };
		71A262B626B832F800DA048F /* ToDoListUITests.swift in Sources */ = {isa = PBXBuildFile; fileRef = 71A262B526B832F800DA048F /* ToDoListUITests.swift */; };
		71A262C426B835E800DA048F /* ToDoTableViewController.swift in Sources */ = {isa = PBXBuildFile; fileRef = 71A262C326B835E800DA048F /* ToDoTableViewController.swift */; };
		71A262C626B8376700DA048F /* ToDo.swift in Sources */ = {isa = PBXBuildFile; fileRef = 71A262C526B8376700DA048F /* ToDo.swift */; };
/* End PBXBuildFile section */

/* Begin PBXContainerItemProxy section */
		71A262A726B832F800DA048F /* PBXContainerItemProxy */ = {
			isa = PBXContainerItemProxy;
			containerPortal = 71A2628526B8329000DA048F /* Project object */;
			proxyType = 1;
			remoteGlobalIDString = 71A2628C26B8329000DA048F;
			remoteInfo = ToDoList;
		};
		71A262B226B832F800DA048F /* PBXContainerItemProxy */ = {
			isa = PBXContainerItemProxy;
			containerPortal = 71A2628526B8329000DA048F /* Project object */;
			proxyType = 1;
			remoteGlobalIDString = 71A2628C26B8329000DA048F;
			remoteInfo = ToDoList;
		};
/* End PBXContainerItemProxy section */

/* Begin PBXFileReference section */
		71A2628D26B8329000DA048F /* ToDoList.app */ = {isa = PBXFileReference; explicitFileType = wrapper.application; includeInIndex = 0; path = ToDoList.app; sourceTree = BUILT_PRODUCTS_DIR; };
		71A2629026B8329100DA048F /* AppDelegate.swift */ = {isa = PBXFileReference; lastKnownFileType = sourcecode.swift; path = AppDelegate.swift; sourceTree = "<group>"; };
		71A2629226B8329100DA048F /* SceneDelegate.swift */ = {isa = PBXFileReference; lastKnownFileType = sourcecode.swift; path = SceneDelegate.swift; sourceTree = "<group>"; };
		71A2629726B8329100DA048F /* Base */ = {isa = PBXFileReference; lastKnownFileType = file.storyboard; name = Base; path = Base.lproj/Main.storyboard; sourceTree = "<group>"; };
		71A2629A26B8329200DA048F /* ToDoList.xcdatamodel */ = {isa = PBXFileReference; lastKnownFileType = wrapper.xcdatamodel; path = ToDoList.xcdatamodel; sourceTree = "<group>"; };
		71A2629C26B832F800DA048F /* Assets.xcassets */ = {isa = PBXFileReference; lastKnownFileType = folder.assetcatalog; path = Assets.xcassets; sourceTree = "<group>"; };
		71A2629F26B832F800DA048F /* Base */ = {isa = PBXFileReference; lastKnownFileType = file.storyboard; name = Base; path = Base.lproj/LaunchScreen.storyboard; sourceTree = "<group>"; };
		71A262A126B832F800DA048F /* Info.plist */ = {isa = PBXFileReference; lastKnownFileType = text.plist.xml; path = Info.plist; sourceTree = "<group>"; };
		71A262A626B832F800DA048F /* ToDoListTests.xctest */ = {isa = PBXFileReference; explicitFileType = wrapper.cfbundle; includeInIndex = 0; path = ToDoListTests.xctest; sourceTree = BUILT_PRODUCTS_DIR; };
		71A262AA26B832F800DA048F /* ToDoListTests.swift */ = {isa = PBXFileReference; lastKnownFileType = sourcecode.swift; path = ToDoListTests.swift; sourceTree = "<group>"; };
		71A262AC26B832F800DA048F /* Info.plist */ = {isa = PBXFileReference; lastKnownFileType = text.plist.xml; path = Info.plist; sourceTree = "<group>"; };
		71A262B126B832F800DA048F /* ToDoListUITests.xctest */ = {isa = PBXFileReference; explicitFileType = wrapper.cfbundle; includeInIndex = 0; path = ToDoListUITests.xctest; sourceTree = BUILT_PRODUCTS_DIR; };
		71A262B526B832F800DA048F /* ToDoListUITests.swift */ = {isa = PBXFileReference; lastKnownFileType = sourcecode.swift; path = ToDoListUITests.swift; sourceTree = "<group>"; };
		71A262B726B832F800DA048F /* Info.plist */ = {isa = PBXFileReference; lastKnownFileType = text.plist.xml; path = Info.plist; sourceTree = "<group>"; };
		71A262C326B835E800DA048F /* ToDoTableViewController.swift */ = {isa = PBXFileReference; lastKnownFileType = sourcecode.swift; path = ToDoTableViewController.swift; sourceTree = "<group>"; };
		71A262C526B8376700DA048F /* ToDo.swift */ = {isa = PBXFileReference; lastKnownFileType = sourcecode.swift; path = ToDo.swift; sourceTree = "<group>"; };
/* End PBXFileReference section */

/* Begin PBXFrameworksBuildPhase section */
		71A2628A26B8329000DA048F /* Frameworks */ = {
			isa = PBXFrameworksBuildPhase;
			buildActionMask = 2147483647;
			files = (
			);
			runOnlyForDeploymentPostprocessing = 0;
		};
		71A262A326B832F800DA048F /* Frameworks */ = {
			isa = PBXFrameworksBuildPhase;
			buildActionMask = 2147483647;
			files = (
			);
			runOnlyForDeploymentPostprocessing = 0;
		};
		71A262AE26B832F800DA048F /* Frameworks */ = {
			isa = PBXFrameworksBuildPhase;
			buildActionMask = 2147483647;
			files = (
			);
			runOnlyForDeploymentPostprocessing = 0;
		};
/* End PBXFrameworksBuildPhase section */

/* Begin PBXGroup section */
		71A2628426B8329000DA048F = {
			isa = PBXGroup;
			children = (
				71A2628F26B8329000DA048F /* ToDoList */,
				71A262A926B832F800DA048F /* ToDoListTests */,
				71A262B426B832F800DA048F /* ToDoListUITests */,
				71A2628E26B8329000DA048F /* Products */,
			);
			sourceTree = "<group>";
		};
		71A2628E26B8329000DA048F /* Products */ = {
			isa = PBXGroup;
			children = (
				71A2628D26B8329000DA048F /* ToDoList.app */,
				71A262A626B832F800DA048F /* ToDoListTests.xctest */,
				71A262B126B832F800DA048F /* ToDoListUITests.xctest */,
			);
			name = Products;
			sourceTree = "<group>";
		};
		71A2628F26B8329000DA048F /* ToDoList */ = {
			isa = PBXGroup;
			children = (
				71A2629026B8329100DA048F /* AppDelegate.swift */,
				71A2629226B8329100DA048F /* SceneDelegate.swift */,
				71A2629626B8329100DA048F /* Main.storyboard */,
				71A262C526B8376700DA048F /* ToDo.swift */,
				71A262C326B835E800DA048F /* ToDoTableViewController.swift */,
				71A2629C26B832F800DA048F /* Assets.xcassets */,
				71A2629E26B832F800DA048F /* LaunchScreen.storyboard */,
				71A262A126B832F800DA048F /* Info.plist */,
				71A2629926B8329200DA048F /* ToDoList.xcdatamodeld */,
			);
			path = ToDoList;
			sourceTree = "<group>";
		};
		71A262A926B832F800DA048F /* ToDoListTests */ = {
			isa = PBXGroup;
			children = (
				71A262AA26B832F800DA048F /* ToDoListTests.swift */,
				71A262AC26B832F800DA048F /* Info.plist */,
			);
			path = ToDoListTests;
			sourceTree = "<group>";
		};
		71A262B426B832F800DA048F /* ToDoListUITests */ = {
			isa = PBXGroup;
			children = (
				71A262B526B832F800DA048F /* ToDoListUITests.swift */,
				71A262B726B832F800DA048F /* Info.plist */,
			);
			path = ToDoListUITests;
			sourceTree = "<group>";
		};
/* End PBXGroup section */

/* Begin PBXNativeTarget section */
		71A2628C26B8329000DA048F /* ToDoList */ = {
			isa = PBXNativeTarget;
			buildConfigurationList = 71A262BA26B832F800DA048F /* Build configuration list for PBXNativeTarget "ToDoList" */;
			buildPhases = (
				71A2628926B8329000DA048F /* Sources */,
				71A2628A26B8329000DA048F /* Frameworks */,
				71A2628B26B8329000DA048F /* Resources */,
			);
			buildRules = (
			);
			dependencies = (
			);
			name = ToDoList;
			productName = ToDoList;
			productReference = 71A2628D26B8329000DA048F /* ToDoList.app */;
			productType = "com.apple.product-type.application";
		};
		71A262A526B832F800DA048F /* ToDoListTests */ = {
			isa = PBXNativeTarget;
			buildConfigurationList = 71A262BD26B832F800DA048F /* Build configuration list for PBXNativeTarget "ToDoListTests" */;
			buildPhases = (
				71A262A226B832F800DA048F /* Sources */,
				71A262A326B832F800DA048F /* Frameworks */,
				71A262A426B832F800DA048F /* Resources */,
			);
			buildRules = (
			);
			dependencies = (
				71A262A826B832F800DA048F /* PBXTargetDependency */,
			);
			name = ToDoListTests;
			productName = ToDoListTests;
			productReference = 71A262A626B832F800DA048F /* ToDoListTests.xctest */;
			productType = "com.apple.product-type.bundle.unit-test";
		};
		71A262B026B832F800DA048F /* ToDoListUITests */ = {
			isa = PBXNativeTarget;
			buildConfigurationList = 71A262C026B832F800DA048F /* Build configuration list for PBXNativeTarget "ToDoListUITests" */;
			buildPhases = (
				71A262AD26B832F800DA048F /* Sources */,
				71A262AE26B832F800DA048F /* Frameworks */,
				71A262AF26B832F800DA048F /* Resources */,
			);
			buildRules = (
			);
			dependencies = (
				71A262B326B832F800DA048F /* PBXTargetDependency */,
			);
			name = ToDoListUITests;
			productName = ToDoListUITests;
			productReference = 71A262B126B832F800DA048F /* ToDoListUITests.xctest */;
			productType = "com.apple.product-type.bundle.ui-testing";
		};
/* End PBXNativeTarget section */

/* Begin PBXProject section */
		71A2628526B8329000DA048F /* Project object */ = {
			isa = PBXProject;
			attributes = {
				LastSwiftUpdateCheck = 1250;
				LastUpgradeCheck = 1250;
				TargetAttributes = {
					71A2628C26B8329000DA048F = {
						CreatedOnToolsVersion = 12.5.1;
					};
					71A262A526B832F800DA048F = {
						CreatedOnToolsVersion = 12.5.1;
						TestTargetID = 71A2628C26B8329000DA048F;
					};
					71A262B026B832F800DA048F = {
						CreatedOnToolsVersion = 12.5.1;
						TestTargetID = 71A2628C26B8329000DA048F;
					};
				};
			};
			buildConfigurationList = 71A2628826B8329000DA048F /* Build configuration list for PBXProject "ToDoList" */;
			compatibilityVersion = "Xcode 9.3";
			developmentRegion = en;
			hasScannedForEncodings = 0;
			knownRegions = (
				en,
				Base,
			);
			mainGroup = 71A2628426B8329000DA048F;
			productRefGroup = 71A2628E26B8329000DA048F /* Products */;
			projectDirPath = "";
			projectRoot = "";
			targets = (
				71A2628C26B8329000DA048F /* ToDoList */,
				71A262A526B832F800DA048F /* ToDoListTests */,
				71A262B026B832F800DA048F /* ToDoListUITests */,
			);
		};
/* End PBXProject section */

/* Begin PBXResourcesBuildPhase section */
		71A2628B26B8329000DA048F /* Resources */ = {
			isa = PBXResourcesBuildPhase;
			buildActionMask = 2147483647;
			files = (
				71A262A026B832F800DA048F /* LaunchScreen.storyboard in Resources */,
				71A2629D26B832F800DA048F /* Assets.xcassets in Resources */,
				71A2629826B8329100DA048F /* Main.storyboard in Resources */,
			);
			runOnlyForDeploymentPostprocessing = 0;
		};
		71A262A426B832F800DA048F /* Resources */ = {
			isa = PBXResourcesBuildPhase;
			buildActionMask = 2147483647;
			files = (
			);
			runOnlyForDeploymentPostprocessing = 0;
		};
		71A262AF26B832F800DA048F /* Resources */ = {
			isa = PBXResourcesBuildPhase;
			buildActionMask = 2147483647;
			files = (
			);
			runOnlyForDeploymentPostprocessing = 0;
		};
/* End PBXResourcesBuildPhase section */

/* Begin PBXSourcesBuildPhase section */
		71A2628926B8329000DA048F /* Sources */ = {
			isa = PBXSourcesBuildPhase;
			buildActionMask = 2147483647;
			files = (
				71A2629126B8329100DA048F /* AppDelegate.swift in Sources */,
				71A262C626B8376700DA048F /* ToDo.swift in Sources */,
				71A262C426B835E800DA048F /* ToDoTableViewController.swift in Sources */,
				71A2629326B8329100DA048F /* SceneDelegate.swift in Sources */,
				71A2629B26B8329200DA048F /* ToDoList.xcdatamodeld in Sources */,
			);
			runOnlyForDeploymentPostprocessing = 0;
		};
		71A262A226B832F800DA048F /* Sources */ = {
			isa = PBXSourcesBuildPhase;
			buildActionMask = 2147483647;
			files = (
				71A262AB26B832F800DA048F /* ToDoListTests.swift in Sources */,
			);
			runOnlyForDeploymentPostprocessing = 0;
		};
		71A262AD26B832F800DA048F /* Sources */ = {
			isa = PBXSourcesBuildPhase;
			buildActionMask = 2147483647;
			files = (
				71A262B626B832F800DA048F /* ToDoListUITests.swift in Sources */,
			);
			runOnlyForDeploymentPostprocessing = 0;
		};
/* End PBXSourcesBuildPhase section */

/* Begin PBXTargetDependency section */
		71A262A826B832F800DA048F /* PBXTargetDependency */ = {
			isa = PBXTargetDependency;
			target = 71A2628C26B8329000DA048F /* ToDoList */;
			targetProxy = 71A262A726B832F800DA048F /* PBXContainerItemProxy */;
		};
		71A262B326B832F800DA048F /* PBXTargetDependency */ = {
			isa = PBXTargetDependency;
			target = 71A2628C26B8329000DA048F /* ToDoList */;
			targetProxy = 71A262B226B832F800DA048F /* PBXContainerItemProxy */;
		};
/* End PBXTargetDependency section */

/* Begin PBXVariantGroup section */
		71A2629626B8329100DA048F /* Main.storyboard */ = {
			isa = PBXVariantGroup;
			children = (
				71A2629726B8329100DA048F /* Base */,
			);
			name = Main.storyboard;
			sourceTree = "<group>";
		};
		71A2629E26B832F800DA048F /* LaunchScreen.storyboard */ = {
			isa = PBXVariantGroup;
			children = (
				71A2629F26B832F800DA048F /* Base */,
			);
			name = LaunchScreen.storyboard;
			sourceTree = "<group>";
		};
/* End PBXVariantGroup section */

/* Begin XCBuildConfiguration section */
		71A262B826B832F800DA048F /* Debug */ = {
			isa = XCBuildConfiguration;
			buildSettings = {
				ALWAYS_SEARCH_USER_PATHS = NO;
				CLANG_ANALYZER_NONNULL = YES;
				CLANG_ANALYZER_NUMBER_OBJECT_CONVERSION = YES_AGGRESSIVE;
				CLANG_CXX_LANGUAGE_STANDARD = "gnu++14";
				CLANG_CXX_LIBRARY = "libc++";
				CLANG_ENABLE_MODULES = YES;
				CLANG_ENABLE_OBJC_ARC = YES;
				CLANG_ENABLE_OBJC_WEAK = YES;
				CLANG_WARN_BLOCK_CAPTURE_AUTORELEASING = YES;
				CLANG_WARN_BOOL_CONVERSION = YES;
				CLANG_WARN_COMMA = YES;
				CLANG_WARN_CONSTANT_CONVERSION = YES;
				CLANG_WARN_DEPRECATED_OBJC_IMPLEMENTATIONS = YES;
				CLANG_WARN_DIRECT_OBJC_ISA_USAGE = YES_ERROR;
				CLANG_WARN_DOCUMENTATION_COMMENTS = YES;
				CLANG_WARN_EMPTY_BODY = YES;
				CLANG_WARN_ENUM_CONVERSION = YES;
				CLANG_WARN_INFINITE_RECURSION = YES;
				CLANG_WARN_INT_CONVERSION = YES;
				CLANG_WARN_NON_LITERAL_NULL_CONVERSION = YES;
				CLANG_WARN_OBJC_IMPLICIT_RETAIN_SELF = YES;
				CLANG_WARN_OBJC_LITERAL_CONVERSION = YES;
				CLANG_WARN_OBJC_ROOT_CLASS = YES_ERROR;
				CLANG_WARN_QUOTED_INCLUDE_IN_FRAMEWORK_HEADER = YES;
				CLANG_WARN_RANGE_LOOP_ANALYSIS = YES;
				CLANG_WARN_STRICT_PROTOTYPES = YES;
				CLANG_WARN_SUSPICIOUS_MOVE = YES;
				CLANG_WARN_UNGUARDED_AVAILABILITY = YES_AGGRESSIVE;
				CLANG_WARN_UNREACHABLE_CODE = YES;
				CLANG_WARN__DUPLICATE_METHOD_MATCH = YES;
				COPY_PHASE_STRIP = NO;
				DEBUG_INFORMATION_FORMAT = dwarf;
				ENABLE_STRICT_OBJC_MSGSEND = YES;
				ENABLE_TESTABILITY = YES;
				GCC_C_LANGUAGE_STANDARD = gnu11;
				GCC_DYNAMIC_NO_PIC = NO;
				GCC_NO_COMMON_BLOCKS = YES;
				GCC_OPTIMIZATION_LEVEL = 0;
				GCC_PREPROCESSOR_DEFINITIONS = (
					"DEBUG=1",
					"$(inherited)",
				);
				GCC_WARN_64_TO_32_BIT_CONVERSION = YES;
				GCC_WARN_ABOUT_RETURN_TYPE = YES_ERROR;
				GCC_WARN_UNDECLARED_SELECTOR = YES;
				GCC_WARN_UNINITIALIZED_AUTOS = YES_AGGRESSIVE;
				GCC_WARN_UNUSED_FUNCTION = YES;
				GCC_WARN_UNUSED_VARIABLE = YES;
				IPHONEOS_DEPLOYMENT_TARGET = 14.5;
				MTL_ENABLE_DEBUG_INFO = INCLUDE_SOURCE;
				MTL_FAST_MATH = YES;
				ONLY_ACTIVE_ARCH = YES;
				SDKROOT = iphoneos;
				SWIFT_ACTIVE_COMPILATION_CONDITIONS = DEBUG;
				SWIFT_OPTIMIZATION_LEVEL = "-Onone";
			};
			name = Debug;
		};
		71A262B926B832F800DA048F /* Release */ = {
			isa = XCBuildConfiguration;
			buildSettings = {
				ALWAYS_SEARCH_USER_PATHS = NO;
				CLANG_ANALYZER_NONNULL = YES;
				CLANG_ANALYZER_NUMBER_OBJECT_CONVERSION = YES_AGGRESSIVE;
				CLANG_CXX_LANGUAGE_STANDARD = "gnu++14";
				CLANG_CXX_LIBRARY = "libc++";
				CLANG_ENABLE_MODULES = YES;
				CLANG_ENABLE_OBJC_ARC = YES;
				CLANG_ENABLE_OBJC_WEAK = YES;
				CLANG_WARN_BLOCK_CAPTURE_AUTORELEASING = YES;
				CLANG_WARN_BOOL_CONVERSION = YES;
				CLANG_WARN_COMMA = YES;
				CLANG_WARN_CONSTANT_CONVERSION = YES;
				CLANG_WARN_DEPRECATED_OBJC_IMPLEMENTATIONS = YES;
				CLANG_WARN_DIRECT_OBJC_ISA_USAGE = YES_ERROR;
				CLANG_WARN_DOCUMENTATION_COMMENTS = YES;
				CLANG_WARN_EMPTY_BODY = YES;
				CLANG_WARN_ENUM_CONVERSION = YES;
				CLANG_WARN_INFINITE_RECURSION = YES;
				CLANG_WARN_INT_CONVERSION = YES;
				CLANG_WARN_NON_LITERAL_NULL_CONVERSION = YES;
				CLANG_WARN_OBJC_IMPLICIT_RETAIN_SELF = YES;
				CLANG_WARN_OBJC_LITERAL_CONVERSION = YES;
				CLANG_WARN_OBJC_ROOT_CLASS = YES_ERROR;
				CLANG_WARN_QUOTED_INCLUDE_IN_FRAMEWORK_HEADER = YES;
				CLANG_WARN_RANGE_LOOP_ANALYSIS = YES;
				CLANG_WARN_STRICT_PROTOTYPES = YES;
				CLANG_WARN_SUSPICIOUS_MOVE = YES;
				CLANG_WARN_UNGUARDED_AVAILABILITY = YES_AGGRESSIVE;
				CLANG_WARN_UNREACHABLE_CODE = YES;
				CLANG_WARN__DUPLICATE_METHOD_MATCH = YES;
				COPY_PHASE_STRIP = NO;
				DEBUG_INFORMATION_FORMAT = "dwarf-with-dsym";
				ENABLE_NS_ASSERTIONS = NO;
				ENABLE_STRICT_OBJC_MSGSEND = YES;
				GCC_C_LANGUAGE_STANDARD = gnu11;
				GCC_NO_COMMON_BLOCKS = YES;
				GCC_WARN_64_TO_32_BIT_CONVERSION = YES;
				GCC_WARN_ABOUT_RETURN_TYPE = YES_ERROR;
				GCC_WARN_UNDECLARED_SELECTOR = YES;
				GCC_WARN_UNINITIALIZED_AUTOS = YES_AGGRESSIVE;
				GCC_WARN_UNUSED_FUNCTION = YES;
				GCC_WARN_UNUSED_VARIABLE = YES;
				IPHONEOS_DEPLOYMENT_TARGET = 14.5;
				MTL_ENABLE_DEBUG_INFO = NO;
				MTL_FAST_MATH = YES;
				SDKROOT = iphoneos;
				SWIFT_COMPILATION_MODE = wholemodule;
				SWIFT_OPTIMIZATION_LEVEL = "-O";
				VALIDATE_PRODUCT = YES;
			};
			name = Release;
		};
		71A262BB26B832F800DA048F /* Debug */ = {
			isa = XCBuildConfiguration;
			buildSettings = {
				ASSETCATALOG_COMPILER_APPICON_NAME = AppIcon;
				ASSETCATALOG_COMPILER_GLOBAL_ACCENT_COLOR_NAME = AccentColor;
				CODE_SIGN_STYLE = Automatic;
				DEVELOPMENT_TEAM = 7BLAZH6UXV;
				INFOPLIST_FILE = ToDoList/Info.plist;
				LD_RUNPATH_SEARCH_PATHS = (
					"$(inherited)",
					"@executable_path/Frameworks",
				);
				PRODUCT_BUNDLE_IDENTIFIER = KWK.ToDoList;
				PRODUCT_NAME = "$(TARGET_NAME)";
				SWIFT_VERSION = 5.0;
				TARGETED_DEVICE_FAMILY = "1,2";
			};
			name = Debug;
		};
		71A262BC26B832F800DA048F /* Release */ = {
			isa = XCBuildConfiguration;
			buildSettings = {
				ASSETCATALOG_COMPILER_APPICON_NAME = AppIcon;
				ASSETCATALOG_COMPILER_GLOBAL_ACCENT_COLOR_NAME = AccentColor;
				CODE_SIGN_STYLE = Automatic;
				DEVELOPMENT_TEAM = 7BLAZH6UXV;
				INFOPLIST_FILE = ToDoList/Info.plist;
				LD_RUNPATH_SEARCH_PATHS = (
					"$(inherited)",
					"@executable_path/Frameworks",
				);
				PRODUCT_BUNDLE_IDENTIFIER = KWK.ToDoList;
				PRODUCT_NAME = "$(TARGET_NAME)";
				SWIFT_VERSION = 5.0;
				TARGETED_DEVICE_FAMILY = "1,2";
			};
			name = Release;
		};
		71A262BE26B832F800DA048F /* Debug */ = {
			isa = XCBuildConfiguration;
			buildSettings = {
				ALWAYS_EMBED_SWIFT_STANDARD_LIBRARIES = YES;
				BUNDLE_LOADER = "$(TEST_HOST)";
				CODE_SIGN_STYLE = Automatic;
				DEVELOPMENT_TEAM = 7BLAZH6UXV;
				INFOPLIST_FILE = ToDoListTests/Info.plist;
				IPHONEOS_DEPLOYMENT_TARGET = 14.5;
				LD_RUNPATH_SEARCH_PATHS = (
					"$(inherited)",
					"@executable_path/Frameworks",
					"@loader_path/Frameworks",
				);
				PRODUCT_BUNDLE_IDENTIFIER = KWK.ToDoListTests;
				PRODUCT_NAME = "$(TARGET_NAME)";
				SWIFT_VERSION = 5.0;
				TARGETED_DEVICE_FAMILY = "1,2";
				TEST_HOST = "$(BUILT_PRODUCTS_DIR)/ToDoList.app/ToDoList";
			};
			name = Debug;
		};
		71A262BF26B832F800DA048F /* Release */ = {
			isa = XCBuildConfiguration;
			buildSettings = {
				ALWAYS_EMBED_SWIFT_STANDARD_LIBRARIES = YES;
				BUNDLE_LOADER = "$(TEST_HOST)";
				CODE_SIGN_STYLE = Automatic;
				DEVELOPMENT_TEAM = 7BLAZH6UXV;
				INFOPLIST_FILE = ToDoListTests/Info.plist;
				IPHONEOS_DEPLOYMENT_TARGET = 14.5;
				LD_RUNPATH_SEARCH_PATHS = (
					"$(inherited)",
					"@executable_path/Frameworks",
					"@loader_path/Frameworks",
				);
				PRODUCT_BUNDLE_IDENTIFIER = KWK.ToDoListTests;
				PRODUCT_NAME = "$(TARGET_NAME)";
				SWIFT_VERSION = 5.0;
				TARGETED_DEVICE_FAMILY = "1,2";
				TEST_HOST = "$(BUILT_PRODUCTS_DIR)/ToDoList.app/ToDoList";
			};
			name = Release;
		};
		71A262C126B832F800DA048F /* Debug */ = {
			isa = XCBuildConfiguration;
			buildSettings = {
				ALWAYS_EMBED_SWIFT_STANDARD_LIBRARIES = YES;
				CODE_SIGN_STYLE = Automatic;
				DEVELOPMENT_TEAM = 7BLAZH6UXV;
				INFOPLIST_FILE = ToDoListUITests/Info.plist;
				LD_RUNPATH_SEARCH_PATHS = (
					"$(inherited)",
					"@executable_path/Frameworks",
					"@loader_path/Frameworks",
				);
				PRODUCT_BUNDLE_IDENTIFIER = KWK.ToDoListUITests;
				PRODUCT_NAME = "$(TARGET_NAME)";
				SWIFT_VERSION = 5.0;
				TARGETED_DEVICE_FAMILY = "1,2";
				TEST_TARGET_NAME = ToDoList;
			};
			name = Debug;
		};
		71A262C226B832F800DA048F /* Release */ = {
			isa = XCBuildConfiguration;
			buildSettings = {
				ALWAYS_EMBED_SWIFT_STANDARD_LIBRARIES = YES;
				CODE_SIGN_STYLE = Automatic;
				DEVELOPMENT_TEAM = 7BLAZH6UXV;
				INFOPLIST_FILE = ToDoListUITests/Info.plist;
				LD_RUNPATH_SEARCH_PATHS = (
					"$(inherited)",
					"@executable_path/Frameworks",
					"@loader_path/Frameworks",
				);
				PRODUCT_BUNDLE_IDENTIFIER = KWK.ToDoListUITests;
				PRODUCT_NAME = "$(TARGET_NAME)";
				SWIFT_VERSION = 5.0;
				TARGETED_DEVICE_FAMILY = "1,2";
				TEST_TARGET_NAME = ToDoList;
			};
			name = Release;
		};
/* End XCBuildConfiguration section */

/* Begin XCConfigurationList section */
		71A2628826B8329000DA048F /* Build configuration list for PBXProject "ToDoList" */ = {
			isa = XCConfigurationList;
			buildConfigurations = (
				71A262B826B832F800DA048F /* Debug */,
				71A262B926B832F800DA048F /* Release */,
			);
			defaultConfigurationIsVisible = 0;
			defaultConfigurationName = Release;
		};
		71A262BA26B832F800DA048F /* Build configuration list for PBXNativeTarget "ToDoList" */ = {
			isa = XCConfigurationList;
			buildConfigurations = (
				71A262BB26B832F800DA048F /* Debug */,
				71A262BC26B832F800DA048F /* Release */,
			);
			defaultConfigurationIsVisible = 0;
			defaultConfigurationName = Release;
		};
		71A262BD26B832F800DA048F /* Build configuration list for PBXNativeTarget "ToDoListTests" */ = {
			isa = XCConfigurationList;
			buildConfigurations = (
				71A262BE26B832F800DA048F /* Debug */,
				71A262BF26B832F800DA048F /* Release */,
			);
			defaultConfigurationIsVisible = 0;
			defaultConfigurationName = Release;
		};
		71A262C026B832F800DA048F /* Build configuration list for PBXNativeTarget "ToDoListUITests" */ = {
			isa = XCConfigurationList;
			buildConfigurations = (
				71A262C126B832F800DA048F /* Debug */,
				71A262C226B832F800DA048F /* Release */,
			);
			defaultConfigurationIsVisible = 0;
			defaultConfigurationName = Release;
		};
/* End XCConfigurationList section */

/* Begin XCVersionGroup section */
		71A2629926B8329200DA048F /* ToDoList.xcdatamodeld */ = {
			isa = XCVersionGroup;
			children = (
				71A2629A26B8329200DA048F /* ToDoList.xcdatamodel */,
			);
			currentVersion = 71A2629A26B8329200DA048F /* ToDoList.xcdatamodel */;
			path = ToDoList.xcdatamodeld;
			sourceTree = "<group>";
			versionGroupType = wrapper.xcdatamodel;
		};
/* End XCVersionGroup section */
	};
	rootObject = 71A2628526B8329000DA048F /* Project object */;
}
